
Microsoft Visual Studio Solution File, Format Version 12.00
# Visual Studio 15
VisualStudioVersion = 15.0.27428.2043
MinimumVisualStudioVersion = 10.0.40219.1
Project("{FAE04EC0-301F-11D3-BF4B-00C04F79EFBC}") = "KingOfTheHill", "KingOfTheHill.csproj", "{023672F9-9300-4484-9AFD-6912DCD4436C}"
EndProject
Global
	GlobalSection(SolutionConfigurationPlatforms) = preSolution
		Debug|Any CPU = Debug|Any CPU
		Release|Any CPU = Release|Any CPU
	EndGlobalSection
	GlobalSection(ProjectConfigurationPlatforms) = postSolution
		{023672F9-9300-4484-9AFD-6912DCD4436C}.Debug|Any CPU.ActiveCfg = Debug|Any CPU
		{023672F9-9300-4484-9AFD-6912DCD4436C}.Debug|Any CPU.Build.0 = Debug|Any CPU
		{023672F9-9300-4484-9AFD-6912DCD4436C}.Release|Any CPU.ActiveCfg = Release|Any CPU
		{023672F9-9300-4484-9AFD-6912DCD4436C}.Release|Any CPU.Build.0 = Release|Any CPU
	EndGlobalSection
	GlobalSection(SolutionProperties) = preSolution
		HideSolutionNode = FALSE
	EndGlobalSection
	GlobalSection(ExtensibilityGlobals) = postSolution
		SolutionGuid = {909A5D1F-E4CF-4DC7-8D3E-63FD37B2EC15}
	EndGlobalSection
EndGlobal
